// !$*UTF8*$!
{
	archiveVersion = 1;
	classes = {
	};
	objectVersion = 50;
	objects = {

/* Begin PBXBuildFile section */
		06F064DB7E5ACD942F3CFAFA /* Pods_lemmenap.framework in Frameworks */ = {isa = PBXBuildFile; fileRef = A4CF7CF821B44D4D14935E1B /* Pods_lemmenap.framework */; };
		79387D372172005F003E50AA /* CustomButtonDesign.swift in Sources */ = {isa = PBXBuildFile; fileRef = 79387D362172005F003E50AA /* CustomButtonDesign.swift */; };
		7984C7E32172073E00BF0CAC /* CustomButtonBackgroundColor.swift in Sources */ = {isa = PBXBuildFile; fileRef = 7984C7E22172073E00BF0CAC /* CustomButtonBackgroundColor.swift */; };
		7984C7E521721DB700BF0CAC /* cool.wav in Resources */ = {isa = PBXBuildFile; fileRef = 7984C7E421721DB700BF0CAC /* cool.wav */; };
		79DEEE5D2174929A00DF80D3 /* SoundSettingsTableViewController.swift in Sources */ = {isa = PBXBuildFile; fileRef = 79DEEE5C2174929A00DF80D3 /* SoundSettingsTableViewController.swift */; };
		79DEEE5F2174A31600DF80D3 /* SoundsTableViewController.swift in Sources */ = {isa = PBXBuildFile; fileRef = 79DEEE5E2174A31600DF80D3 /* SoundsTableViewController.swift */; };
		79DEEE612174AF8B00DF80D3 /* softwakeup.wav in Resources */ = {isa = PBXBuildFile; fileRef = 79DEEE602174AF8B00DF80D3 /* softwakeup.wav */; };
		79DEEE632175170700DF80D3 /* empty.mp3 in Resources */ = {isa = PBXBuildFile; fileRef = 79DEEE622175170600DF80D3 /* empty.mp3 */; };
		79DEEE662175937900DF80D3 /* Model.xcdatamodeld in Sources */ = {isa = PBXBuildFile; fileRef = 79DEEE642175937800DF80D3 /* Model.xcdatamodeld */; };
		79FECF0C216F82270059D6EA /* AppDelegate.swift in Sources */ = {isa = PBXBuildFile; fileRef = 79FECF0B216F82270059D6EA /* AppDelegate.swift */; };
		79FECF0E216F82270059D6EA /* HomeViewController.swift in Sources */ = {isa = PBXBuildFile; fileRef = 79FECF0D216F82270059D6EA /* HomeViewController.swift */; };
		79FECF11216F82270059D6EA /* Main.storyboard in Resources */ = {isa = PBXBuildFile; fileRef = 79FECF0F216F82270059D6EA /* Main.storyboard */; };
		79FECF13216F822D0059D6EA /* Assets.xcassets in Resources */ = {isa = PBXBuildFile; fileRef = 79FECF12216F822D0059D6EA /* Assets.xcassets */; };
		79FECF16216F822D0059D6EA /* LaunchScreen.storyboard in Resources */ = {isa = PBXBuildFile; fileRef = 79FECF14216F822D0059D6EA /* LaunchScreen.storyboard */; };
		79FECF1E216F831E0059D6EA /* SleepHistoryTableViewController.swift in Sources */ = {isa = PBXBuildFile; fileRef = 79FECF1D216F831E0059D6EA /* SleepHistoryTableViewController.swift */; };
		79FECF20216F97F00059D6EA /* SleepEntry.swift in Sources */ = {isa = PBXBuildFile; fileRef = 79FECF1F216F97F00059D6EA /* SleepEntry.swift */; };
		79FECF2221706A950059D6EA /* Quotes.swift in Sources */ = {isa = PBXBuildFile; fileRef = 79FECF2121706A950059D6EA /* Quotes.swift */; };
/* End PBXBuildFile section */

/* Begin PBXFileReference section */
		64BF189305B6F70BA0BD135C /* Pods-lemmenap.release.xcconfig */ = {isa = PBXFileReference; includeInIndex = 1; lastKnownFileType = text.xcconfig; name = "Pods-lemmenap.release.xcconfig"; path = "Pods/Target Support Files/Pods-lemmenap/Pods-lemmenap.release.xcconfig"; sourceTree = "<group>"; };
		79387D362172005F003E50AA /* CustomButtonDesign.swift */ = {isa = PBXFileReference; lastKnownFileType = sourcecode.swift; path = CustomButtonDesign.swift; sourceTree = "<group>"; };
		7984C7E22172073E00BF0CAC /* CustomButtonBackgroundColor.swift */ = {isa = PBXFileReference; lastKnownFileType = sourcecode.swift; path = CustomButtonBackgroundColor.swift; sourceTree = "<group>"; };
		7984C7E421721DB700BF0CAC /* cool.wav */ = {isa = PBXFileReference; lastKnownFileType = audio.wav; path = cool.wav; sourceTree = "<group>"; };
		79DEEE5C2174929A00DF80D3 /* SoundSettingsTableViewController.swift */ = {isa = PBXFileReference; lastKnownFileType = sourcecode.swift; path = SoundSettingsTableViewController.swift; sourceTree = "<group>"; };
		79DEEE5E2174A31600DF80D3 /* SoundsTableViewController.swift */ = {isa = PBXFileReference; lastKnownFileType = sourcecode.swift; path = SoundsTableViewController.swift; sourceTree = "<group>"; };
		79DEEE602174AF8B00DF80D3 /* softwakeup.wav */ = {isa = PBXFileReference; lastKnownFileType = audio.wav; path = softwakeup.wav; sourceTree = "<group>"; };
		79DEEE622175170600DF80D3 /* empty.mp3 */ = {isa = PBXFileReference; lastKnownFileType = audio.mp3; path = empty.mp3; sourceTree = "<group>"; };
		79DEEE652175937900DF80D3 /* Model.xcdatamodel */ = {isa = PBXFileReference; lastKnownFileType = wrapper.xcdatamodel; path = Model.xcdatamodel; sourceTree = "<group>"; };
		79FECF08216F82270059D6EA /* lemmenap.app */ = {isa = PBXFileReference; explicitFileType = wrapper.application; includeInIndex = 0; path = lemmenap.app; sourceTree = BUILT_PRODUCTS_DIR; };
		79FECF0B216F82270059D6EA /* AppDelegate.swift */ = {isa = PBXFileReference; lastKnownFileType = sourcecode.swift; path = AppDelegate.swift; sourceTree = "<group>"; };
		79FECF0D216F82270059D6EA /* HomeViewController.swift */ = {isa = PBXFileReference; lastKnownFileType = sourcecode.swift; path = HomeViewController.swift; sourceTree = "<group>"; };
		79FECF10216F82270059D6EA /* Base */ = {isa = PBXFileReference; lastKnownFileType = file.storyboard; name = Base; path = Base.lproj/Main.storyboard; sourceTree = "<group>"; };
		79FECF12216F822D0059D6EA /* Assets.xcassets */ = {isa = PBXFileReference; lastKnownFileType = folder.assetcatalog; path = Assets.xcassets; sourceTree = "<group>"; };
		79FECF15216F822D0059D6EA /* Base */ = {isa = PBXFileReference; lastKnownFileType = file.storyboard; name = Base; path = Base.lproj/LaunchScreen.storyboard; sourceTree = "<group>"; };
		79FECF17216F822D0059D6EA /* Info.plist */ = {isa = PBXFileReference; lastKnownFileType = text.plist.xml; path = Info.plist; sourceTree = "<group>"; };
		79FECF1D216F831E0059D6EA /* SleepHistoryTableViewController.swift */ = {isa = PBXFileReference; lastKnownFileType = sourcecode.swift; path = SleepHistoryTableViewController.swift; sourceTree = "<group>"; };
		79FECF1F216F97F00059D6EA /* SleepEntry.swift */ = {isa = PBXFileReference; lastKnownFileType = sourcecode.swift; path = SleepEntry.swift; sourceTree = "<group>"; };
		79FECF2121706A950059D6EA /* Quotes.swift */ = {isa = PBXFileReference; lastKnownFileType = sourcecode.swift; path = Quotes.swift; sourceTree = "<group>"; };
		9ED1A26FFE440FE3AC798988 /* Pods-lemmenap.debug.xcconfig */ = {isa = PBXFileReference; includeInIndex = 1; lastKnownFileType = text.xcconfig; name = "Pods-lemmenap.debug.xcconfig"; path = "Pods/Target Support Files/Pods-lemmenap/Pods-lemmenap.debug.xcconfig"; sourceTree = "<group>"; };
		A4CF7CF821B44D4D14935E1B /* Pods_lemmenap.framework */ = {isa = PBXFileReference; explicitFileType = wrapper.framework; includeInIndex = 0; path = Pods_lemmenap.framework; sourceTree = BUILT_PRODUCTS_DIR; };
/* End PBXFileReference section */

/* Begin PBXFrameworksBuildPhase section */
		79FECF05216F82270059D6EA /* Frameworks */ = {
			isa = PBXFrameworksBuildPhase;
			buildActionMask = 2147483647;
			files = (
				06F064DB7E5ACD942F3CFAFA /* Pods_lemmenap.framework in Frameworks */,
			);
			runOnlyForDeploymentPostprocessing = 0;
		};
/* End PBXFrameworksBuildPhase section */

/* Begin PBXGroup section */
		0F9A1830D5242EE77CA535A4 /* Frameworks */ = {
			isa = PBXGroup;
			children = (
				A4CF7CF821B44D4D14935E1B /* Pods_lemmenap.framework */,
			);
			name = Frameworks;
			sourceTree = "<group>";
		};
		7984C7E621721DC600BF0CAC /* Sounds */ = {
			isa = PBXGroup;
			children = (
				79DEEE602174AF8B00DF80D3 /* softwakeup.wav */,
				79DEEE622175170600DF80D3 /* empty.mp3 */,
				7984C7E421721DB700BF0CAC /* cool.wav */,
			);
			path = Sounds;
			sourceTree = "<group>";
		};
		79FECEFF216F82270059D6EA = {
			isa = PBXGroup;
			children = (
				79FECF0A216F82270059D6EA /* lemmenap */,
				79FECF09216F82270059D6EA /* Products */,
				D14CC8EB9A0DD569E72D0316 /* Pods */,
				0F9A1830D5242EE77CA535A4 /* Frameworks */,
			);
			sourceTree = "<group>";
		};
		79FECF09216F82270059D6EA /* Products */ = {
			isa = PBXGroup;
			children = (
				79FECF08216F82270059D6EA /* lemmenap.app */,
			);
			name = Products;
			sourceTree = "<group>";
		};
		79FECF0A216F82270059D6EA /* lemmenap */ = {
			isa = PBXGroup;
			children = (
				79FECF0B216F82270059D6EA /* AppDelegate.swift */,
				79FECF0D216F82270059D6EA /* HomeViewController.swift */,
				79DEEE642175937800DF80D3 /* Model.xcdatamodeld */,
				79FECF1D216F831E0059D6EA /* SleepHistoryTableViewController.swift */,
				79DEEE5C2174929A00DF80D3 /* SoundSettingsTableViewController.swift */,
				79DEEE5E2174A31600DF80D3 /* SoundsTableViewController.swift */,
				79FECF1F216F97F00059D6EA /* SleepEntry.swift */,
				79FECF0F216F82270059D6EA /* Main.storyboard */,
				79FECF2121706A950059D6EA /* Quotes.swift */,
				79387D362172005F003E50AA /* CustomButtonDesign.swift */,
				7984C7E22172073E00BF0CAC /* CustomButtonBackgroundColor.swift */,
				79FECF12216F822D0059D6EA /* Assets.xcassets */,
				79FECF14216F822D0059D6EA /* LaunchScreen.storyboard */,
				79FECF17216F822D0059D6EA /* Info.plist */,
				7984C7E621721DC600BF0CAC /* Sounds */,
			);
			path = lemmenap;
			sourceTree = "<group>";
		};
		D14CC8EB9A0DD569E72D0316 /* Pods */ = {
			isa = PBXGroup;
			children = (
				9ED1A26FFE440FE3AC798988 /* Pods-lemmenap.debug.xcconfig */,
				64BF189305B6F70BA0BD135C /* Pods-lemmenap.release.xcconfig */,
			);
			name = Pods;
			sourceTree = "<group>";
		};
/* End PBXGroup section */

/* Begin PBXNativeTarget section */
		79FECF07216F82270059D6EA /* lemmenap */ = {
			isa = PBXNativeTarget;
			buildConfigurationList = 79FECF1A216F822D0059D6EA /* Build configuration list for PBXNativeTarget "lemmenap" */;
			buildPhases = (
				645E7048FABBB3D05D793CFF /* [CP] Check Pods Manifest.lock */,
				79FECF04216F82270059D6EA /* Sources */,
				79FECF05216F82270059D6EA /* Frameworks */,
				79FECF06216F82270059D6EA /* Resources */,
				4BA7B51463467A571845FA7D /* [CP] Embed Pods Frameworks */,
			);
			buildRules = (
			);
			dependencies = (
			);
			name = lemmenap;
			productName = lemmenap;
			productReference = 79FECF08216F82270059D6EA /* lemmenap.app */;
			productType = "com.apple.product-type.application";
		};
/* End PBXNativeTarget section */

/* Begin PBXProject section */
		79FECF00216F82270059D6EA /* Project object */ = {
			isa = PBXProject;
			attributes = {
				LastSwiftUpdateCheck = 1000;
				LastUpgradeCheck = 1000;
				ORGANIZATIONNAME = Sarvesh;
				TargetAttributes = {
					79FECF07216F82270059D6EA = {
						CreatedOnToolsVersion = 10.0;
						SystemCapabilities = {
							com.apple.BackgroundModes = {
								enabled = 1;
							};
							com.apple.HealthKit = {
								enabled = 0;
							};
						};
					};
				};
			};
			buildConfigurationList = 79FECF03216F82270059D6EA /* Build configuration list for PBXProject "lemmenap" */;
			compatibilityVersion = "Xcode 9.3";
			developmentRegion = en;
			hasScannedForEncodings = 0;
			knownRegions = (
				en,
				Base,
			);
			mainGroup = 79FECEFF216F82270059D6EA;
			productRefGroup = 79FECF09216F82270059D6EA /* Products */;
			projectDirPath = "";
			projectRoot = "";
			targets = (
				79FECF07216F82270059D6EA /* lemmenap */,
			);
		};
/* End PBXProject section */

/* Begin PBXResourcesBuildPhase section */
		79FECF06216F82270059D6EA /* Resources */ = {
			isa = PBXResourcesBuildPhase;
			buildActionMask = 2147483647;
			files = (
				79FECF16216F822D0059D6EA /* LaunchScreen.storyboard in Resources */,
				79DEEE632175170700DF80D3 /* empty.mp3 in Resources */,
				79FECF13216F822D0059D6EA /* Assets.xcassets in Resources */,
				7984C7E521721DB700BF0CAC /* cool.wav in Resources */,
				79DEEE612174AF8B00DF80D3 /* softwakeup.wav in Resources */,
				79FECF11216F82270059D6EA /* Main.storyboard in Resources */,
			);
			runOnlyForDeploymentPostprocessing = 0;
		};
/* End PBXResourcesBuildPhase section */

/* Begin PBXShellScriptBuildPhase section */
		4BA7B51463467A571845FA7D /* [CP] Embed Pods Frameworks */ = {
			isa = PBXShellScriptBuildPhase;
			buildActionMask = 2147483647;
			files = (
			);
			inputPaths = (
				"${SRCROOT}/Pods/Target Support Files/Pods-lemmenap/Pods-lemmenap-frameworks.sh",
				"${BUILT_PRODUCTS_DIR}/SwiftySound/SwiftySound.framework",
			);
			name = "[CP] Embed Pods Frameworks";
			outputPaths = (
				"${TARGET_BUILD_DIR}/${FRAMEWORKS_FOLDER_PATH}/SwiftySound.framework",
			);
			runOnlyForDeploymentPostprocessing = 0;
			shellPath = /bin/sh;
			shellScript = "\"${SRCROOT}/Pods/Target Support Files/Pods-lemmenap/Pods-lemmenap-frameworks.sh\"\n";
			showEnvVarsInLog = 0;
		};
		645E7048FABBB3D05D793CFF /* [CP] Check Pods Manifest.lock */ = {
			isa = PBXShellScriptBuildPhase;
			buildActionMask = 2147483647;
			files = (
			);
			inputPaths = (
				"${PODS_PODFILE_DIR_PATH}/Podfile.lock",
				"${PODS_ROOT}/Manifest.lock",
			);
			name = "[CP] Check Pods Manifest.lock";
			outputPaths = (
				"$(DERIVED_FILE_DIR)/Pods-lemmenap-checkManifestLockResult.txt",
			);
			runOnlyForDeploymentPostprocessing = 0;
			shellPath = /bin/sh;
			shellScript = "diff \"${PODS_PODFILE_DIR_PATH}/Podfile.lock\" \"${PODS_ROOT}/Manifest.lock\" > /dev/null\nif [ $? != 0 ] ; then\n    # print error to STDERR\n    echo \"error: The sandbox is not in sync with the Podfile.lock. Run 'pod install' or update your CocoaPods installation.\" >&2\n    exit 1\nfi\n# This output is used by Xcode 'outputs' to avoid re-running this script phase.\necho \"SUCCESS\" > \"${SCRIPT_OUTPUT_FILE_0}\"\n";
			showEnvVarsInLog = 0;
		};
/* End PBXShellScriptBuildPhase section */

/* Begin PBXSourcesBuildPhase section */
		79FECF04216F82270059D6EA /* Sources */ = {
			isa = PBXSourcesBuildPhase;
			buildActionMask = 2147483647;
			files = (
				79FECF1E216F831E0059D6EA /* SleepHistoryTableViewController.swift in Sources */,
				79FECF0E216F82270059D6EA /* HomeViewController.swift in Sources */,
				7984C7E32172073E00BF0CAC /* CustomButtonBackgroundColor.swift in Sources */,
				79FECF2221706A950059D6EA /* Quotes.swift in Sources */,
				79FECF20216F97F00059D6EA /* SleepEntry.swift in Sources */,
				79DEEE5D2174929A00DF80D3 /* SoundSettingsTableViewController.swift in Sources */,
				79387D372172005F003E50AA /* CustomButtonDesign.swift in Sources */,
				79DEEE662175937900DF80D3 /* Model.xcdatamodeld in Sources */,
				79DEEE5F2174A31600DF80D3 /* SoundsTableViewController.swift in Sources */,
				79FECF0C216F82270059D6EA /* AppDelegate.swift in Sources */,
			);
			runOnlyForDeploymentPostprocessing = 0;
		};
/* End PBXSourcesBuildPhase section */

/* Begin PBXVariantGroup section */
		79FECF0F216F82270059D6EA /* Main.storyboard */ = {
			isa = PBXVariantGroup;
			children = (
				79FECF10216F82270059D6EA /* Base */,
			);
			name = Main.storyboard;
			sourceTree = "<group>";
		};
		79FECF14216F822D0059D6EA /* LaunchScreen.storyboard */ = {
			isa = PBXVariantGroup;
			children = (
				79FECF15216F822D0059D6EA /* Base */,
			);
			name = LaunchScreen.storyboard;
			sourceTree = "<group>";
		};
/* End PBXVariantGroup section */

/* Begin XCBuildConfiguration section */
		79FECF18216F822D0059D6EA /* Debug */ = {
			isa = XCBuildConfiguration;
			buildSettings = {
				ALWAYS_SEARCH_USER_PATHS = NO;
				CLANG_ANALYZER_NONNULL = YES;
				CLANG_ANALYZER_NUMBER_OBJECT_CONVERSION = YES_AGGRESSIVE;
				CLANG_CXX_LANGUAGE_STANDARD = "gnu++14";
				CLANG_CXX_LIBRARY = "libc++";
				CLANG_ENABLE_MODULES = YES;
				CLANG_ENABLE_OBJC_ARC = YES;
				CLANG_ENABLE_OBJC_WEAK = YES;
				CLANG_WARN_BLOCK_CAPTURE_AUTORELEASING = YES;
				CLANG_WARN_BOOL_CONVERSION = YES;
				CLANG_WARN_COMMA = YES;
				CLANG_WARN_CONSTANT_CONVERSION = YES;
				CLANG_WARN_DEPRECATED_OBJC_IMPLEMENTATIONS = YES;
				CLANG_WARN_DIRECT_OBJC_ISA_USAGE = YES_ERROR;
				CLANG_WARN_DOCUMENTATION_COMMENTS = YES;
				CLANG_WARN_EMPTY_BODY = YES;
				CLANG_WARN_ENUM_CONVERSION = YES;
				CLANG_WARN_INFINITE_RECURSION = YES;
				CLANG_WARN_INT_CONVERSION = YES;
				CLANG_WARN_NON_LITERAL_NULL_CONVERSION = YES;
				CLANG_WARN_OBJC_IMPLICIT_RETAIN_SELF = YES;
				CLANG_WARN_OBJC_LITERAL_CONVERSION = YES;
				CLANG_WARN_OBJC_ROOT_CLASS = YES_ERROR;
				CLANG_WARN_RANGE_LOOP_ANALYSIS = YES;
				CLANG_WARN_STRICT_PROTOTYPES = YES;
				CLANG_WARN_SUSPICIOUS_MOVE = YES;
				CLANG_WARN_UNGUARDED_AVAILABILITY = YES_AGGRESSIVE;
				CLANG_WARN_UNREACHABLE_CODE = YES;
				CLANG_WARN__DUPLICATE_METHOD_MATCH = YES;
				CODE_SIGN_IDENTITY = "iPhone Developer";
				COPY_PHASE_STRIP = NO;
				DEBUG_INFORMATION_FORMAT = dwarf;
				ENABLE_STRICT_OBJC_MSGSEND = YES;
				ENABLE_TESTABILITY = YES;
				GCC_C_LANGUAGE_STANDARD = gnu11;
				GCC_DYNAMIC_NO_PIC = NO;
				GCC_NO_COMMON_BLOCKS = YES;
				GCC_OPTIMIZATION_LEVEL = 0;
				GCC_PREPROCESSOR_DEFINITIONS = (
					"DEBUG=1",
					"$(inherited)",
				);
				GCC_WARN_64_TO_32_BIT_CONVERSION = YES;
				GCC_WARN_ABOUT_RETURN_TYPE = YES_ERROR;
				GCC_WARN_UNDECLARED_SELECTOR = YES;
				GCC_WARN_UNINITIALIZED_AUTOS = YES_AGGRESSIVE;
				GCC_WARN_UNUSED_FUNCTION = YES;
				GCC_WARN_UNUSED_VARIABLE = YES;
				IPHONEOS_DEPLOYMENT_TARGET = 12.0;
				MTL_ENABLE_DEBUG_INFO = INCLUDE_SOURCE;
				MTL_FAST_MATH = YES;
				ONLY_ACTIVE_ARCH = YES;
				SDKROOT = iphoneos;
				SWIFT_ACTIVE_COMPILATION_CONDITIONS = DEBUG;
				SWIFT_OPTIMIZATION_LEVEL = "-Onone";
			};
			name = Debug;
		};
		79FECF19216F822D0059D6EA /* Release */ = {
			isa = XCBuildConfiguration;
			buildSettings = {
				ALWAYS_SEARCH_USER_PATHS = NO;
				CLANG_ANALYZER_NONNULL = YES;
				CLANG_ANALYZER_NUMBER_OBJECT_CONVERSION = YES_AGGRESSIVE;
				CLANG_CXX_LANGUAGE_STANDARD = "gnu++14";
				CLANG_CXX_LIBRARY = "libc++";
				CLANG_ENABLE_MODULES = YES;
				CLANG_ENABLE_OBJC_ARC = YES;
				CLANG_ENABLE_OBJC_WEAK = YES;
				CLANG_WARN_BLOCK_CAPTURE_AUTORELEASING = YES;
				CLANG_WARN_BOOL_CONVERSION = YES;
				CLANG_WARN_COMMA = YES;
				CLANG_WARN_CONSTANT_CONVERSION = YES;
				CLANG_WARN_DEPRECATED_OBJC_IMPLEMENTATIONS = YES;
				CLANG_WARN_DIRECT_OBJC_ISA_USAGE = YES_ERROR;
				CLANG_WARN_DOCUMENTATION_COMMENTS = YES;
				CLANG_WARN_EMPTY_BODY = YES;
				CLANG_WARN_ENUM_CONVERSION = YES;
				CLANG_WARN_INFINITE_RECURSION = YES;
				CLANG_WARN_INT_CONVERSION = YES;
				CLANG_WARN_NON_LITERAL_NULL_CONVERSION = YES;
				CLANG_WARN_OBJC_IMPLICIT_RETAIN_SELF = YES;
				CLANG_WARN_OBJC_LITERAL_CONVERSION = YES;
				CLANG_WARN_OBJC_ROOT_CLASS = YES_ERROR;
				CLANG_WARN_RANGE_LOOP_ANALYSIS = YES;
				CLANG_WARN_STRICT_PROTOTYPES = YES;
				CLANG_WARN_SUSPICIOUS_MOVE = YES;
				CLANG_WARN_UNGUARDED_AVAILABILITY = YES_AGGRESSIVE;
				CLANG_WARN_UNREACHABLE_CODE = YES;
				CLANG_WARN__DUPLICATE_METHOD_MATCH = YES;
				CODE_SIGN_IDENTITY = "iPhone Developer";
				COPY_PHASE_STRIP = NO;
				DEBUG_INFORMATION_FORMAT = "dwarf-with-dsym";
				ENABLE_NS_ASSERTIONS = NO;
				ENABLE_STRICT_OBJC_MSGSEND = YES;
				GCC_C_LANGUAGE_STANDARD = gnu11;
				GCC_NO_COMMON_BLOCKS = YES;
				GCC_WARN_64_TO_32_BIT_CONVERSION = YES;
				GCC_WARN_ABOUT_RETURN_TYPE = YES_ERROR;
				GCC_WARN_UNDECLARED_SELECTOR = YES;
				GCC_WARN_UNINITIALIZED_AUTOS = YES_AGGRESSIVE;
				GCC_WARN_UNUSED_FUNCTION = YES;
				GCC_WARN_UNUSED_VARIABLE = YES;
				IPHONEOS_DEPLOYMENT_TARGET = 12.0;
				MTL_ENABLE_DEBUG_INFO = NO;
				MTL_FAST_MATH = YES;
				SDKROOT = iphoneos;
				SWIFT_COMPILATION_MODE = wholemodule;
				SWIFT_OPTIMIZATION_LEVEL = "-O";
				VALIDATE_PRODUCT = YES;
			};
			name = Release;
		};
		79FECF1B216F822D0059D6EA /* Debug */ = {
			isa = XCBuildConfiguration;
			baseConfigurationReference = 9ED1A26FFE440FE3AC798988 /* Pods-lemmenap.debug.xcconfig */;
			buildSettings = {
				ASSETCATALOG_COMPILER_APPICON_NAME = AppIcon;
				CODE_SIGN_STYLE = Automatic;
				DEVELOPMENT_TEAM = A77JFZBDSV;
				INFOPLIST_FILE = lemmenap/Info.plist;
				LD_RUNPATH_SEARCH_PATHS = (
					"$(inherited)",
					"@executable_path/Frameworks",
				);
				PRODUCT_BUNDLE_IDENTIFIER = com.sarvesh.lemmenap;
				PRODUCT_NAME = "$(TARGET_NAME)";
				SWIFT_VERSION = 4.2;
				TARGETED_DEVICE_FAMILY = "1,2";
			};
			name = Debug;
		};
		79FECF1C216F822D0059D6EA /* Release */ = {
			isa = XCBuildConfiguration;
			baseConfigurationReference = 64BF189305B6F70BA0BD135C /* Pods-lemmenap.release.xcconfig */;
			buildSettings = {
				ASSETCATALOG_COMPILER_APPICON_NAME = AppIcon;
				CODE_SIGN_STYLE = Automatic;
				DEVELOPMENT_TEAM = A77JFZBDSV;
				INFOPLIST_FILE = lemmenap/Info.plist;
				LD_RUNPATH_SEARCH_PATHS = (
					"$(inherited)",
					"@executable_path/Frameworks",
				);
				PRODUCT_BUNDLE_IDENTIFIER = com.sarvesh.lemmenap;
				PRODUCT_NAME = "$(TARGET_NAME)";
				SWIFT_VERSION = 4.2;
				TARGETED_DEVICE_FAMILY = "1,2";
			};
			name = Release;
		};
/* End XCBuildConfiguration section */

/* Begin XCConfigurationList section */
		79FECF03216F82270059D6EA /* Build configuration list for PBXProject "lemmenap" */ = {
			isa = XCConfigurationList;
			buildConfigurations = (
				79FECF18216F822D0059D6EA /* Debug */,
				79FECF19216F822D0059D6EA /* Release */,
			);
			defaultConfigurationIsVisible = 0;
			defaultConfigurationName = Release;
		};
		79FECF1A216F822D0059D6EA /* Build configuration list for PBXNativeTarget "lemmenap" */ = {
			isa = XCConfigurationList;
			buildConfigurations = (
				79FECF1B216F822D0059D6EA /* Debug */,
				79FECF1C216F822D0059D6EA /* Release */,
			);
			defaultConfigurationIsVisible = 0;
			defaultConfigurationName = Release;
		};
/* End XCConfigurationList section */

/* Begin XCVersionGroup section */
		79DEEE642175937800DF80D3 /* Model.xcdatamodeld */ = {
			isa = XCVersionGroup;
			children = (
				79DEEE652175937900DF80D3 /* Model.xcdatamodel */,
			);
			currentVersion = 79DEEE652175937900DF80D3 /* Model.xcdatamodel */;
			path = Model.xcdatamodeld;
			sourceTree = "<group>";
			versionGroupType = wrapper.xcdatamodel;
		};
/* End XCVersionGroup section */
	};
	rootObject = 79FECF00216F82270059D6EA /* Project object */;
}
